
Microsoft Visual Studio Solution File, Format Version 12.00
# Visual Studio Version 17
VisualStudioVersion = 17.10.35013.160
MinimumVisualStudioVersion = 10.0.40219.1
Project("{FAE04EC0-301F-11D3-BF4B-00C04F79EFBC}") = "HeadshotDarkness", "HeadshotDarkness.csproj", "{D5813DFD-1990-4C9E-93E8-4045DEF6BD08}"
EndProject
Global
	GlobalSection(SolutionConfigurationPlatforms) = preSolution
		Debug|Any CPU = Debug|Any CPU
		Release|Any CPU = Release|Any CPU
	EndGlobalSection
	GlobalSection(ProjectConfigurationPlatforms) = postSolution
		{D5813DFD-1990-4C9E-93E8-4045DEF6BD08}.Debug|Any CPU.ActiveCfg = Debug|Any CPU
		{D5813DFD-1990-4C9E-93E8-4045DEF6BD08}.Debug|Any CPU.Build.0 = Debug|Any CPU
		{D5813DFD-1990-4C9E-93E8-4045DEF6BD08}.Release|Any CPU.ActiveCfg = Release|Any CPU
		{D5813DFD-1990-4C9E-93E8-4045DEF6BD08}.Release|Any CPU.Build.0 = Release|Any CPU
	EndGlobalSection
	GlobalSection(SolutionProperties) = preSolution
		HideSolutionNode = FALSE
	EndGlobalSection
	GlobalSection(ExtensibilityGlobals) = postSolution
		SolutionGuid = {FBFBAFFA-C031-4F0A-BA16-1C16FC5EB399}
	EndGlobalSection
EndGlobal
